
Microsoft Visual Studio Solution File, Format Version 12.00
# Visual Studio 2013
VisualStudioVersion = 12.0.31101.0
MinimumVisualStudioVersion = 10.0.40219.1
Project("{FAE04EC0-301F-11D3-BF4B-00C04F79EFBC}") = "LynchburgTennisLadder", "LynchburgTennisLadder\LynchburgTennisLadder.csproj", "{05EB9B1C-634D-4AAF-AA64-4A821D83A36E}"
EndProject
Project("{FAE04EC0-301F-11D3-BF4B-00C04F79EFBC}") = "DAL", "DAL\DAL.csproj", "{66A5077A-80ED-4EBD-9FA1-186402110835}"
EndProject
Project("{FAE04EC0-301F-11D3-BF4B-00C04F79EFBC}") = "DALTest", "DALTest\DALTest.csproj", "{04695587-F779-4325-B184-DBBE61D72B15}"
EndProject
Global
	GlobalSection(SolutionConfigurationPlatforms) = preSolution
		Debug|Any CPU = Debug|Any CPU
		Release|Any CPU = Release|Any CPU
	EndGlobalSection
	GlobalSection(ProjectConfigurationPlatforms) = postSolution
		{05EB9B1C-634D-4AAF-AA64-4A821D83A36E}.Debug|Any CPU.ActiveCfg = Debug|Any CPU
		{05EB9B1C-634D-4AAF-AA64-4A821D83A36E}.Debug|Any CPU.Build.0 = Debug|Any CPU
		{05EB9B1C-634D-4AAF-AA64-4A821D83A36E}.Release|Any CPU.ActiveCfg = Release|Any CPU
		{05EB9B1C-634D-4AAF-AA64-4A821D83A36E}.Release|Any CPU.Build.0 = Release|Any CPU
		{66A5077A-80ED-4EBD-9FA1-186402110835}.Debug|Any CPU.ActiveCfg = Debug|Any CPU
		{66A5077A-80ED-4EBD-9FA1-186402110835}.Debug|Any CPU.Build.0 = Debug|Any CPU
		{66A5077A-80ED-4EBD-9FA1-186402110835}.Release|Any CPU.ActiveCfg = Release|Any CPU
		{66A5077A-80ED-4EBD-9FA1-186402110835}.Release|Any CPU.Build.0 = Release|Any CPU
		{04695587-F779-4325-B184-DBBE61D72B15}.Debug|Any CPU.ActiveCfg = Debug|Any CPU
		{04695587-F779-4325-B184-DBBE61D72B15}.Debug|Any CPU.Build.0 = Debug|Any CPU
		{04695587-F779-4325-B184-DBBE61D72B15}.Release|Any CPU.ActiveCfg = Release|Any CPU
		{04695587-F779-4325-B184-DBBE61D72B15}.Release|Any CPU.Build.0 = Release|Any CPU
	EndGlobalSection
	GlobalSection(SolutionProperties) = preSolution
		HideSolutionNode = FALSE
	EndGlobalSection
EndGlobal
